{
    "version": 4,
    "terraform_version": "1.13.4",
    "serial": 26,
    "lineage": "a0e11f83-69a1-f1c0-44a8-35b705a7fa6b",
    "outputs": {
        "cloudwatch_log_group": {
            "value": "/aws/lambda/prisere-disaster-notifications-email-processor-dev",
            "type": "string"
        },
        "dlq_arn": {
            "value": "arn:aws:sqs:us-east-1:478867930449:prisere-disaster-notifications-email-dlq-dev",
            "type": "string"
        },
        "dlq_url": {
            "value": "https://sqs.us-east-1.amazonaws.com/478867930449/prisere-disaster-notifications-email-dlq-dev",
            "type": "string"
        },
        "lambda_function_arn": {
            "value": "arn:aws:lambda:us-east-1:478867930449:function:prisere-disaster-notifications-email-processor-dev",
            "type": "string"
        },
        "lambda_function_name": {
            "value": "prisere-disaster-notifications-email-processor-dev",
            "type": "string"
        }
    },
    "resources": [
        {
            "mode": "managed",
            "type": "aws_cloudwatch_log_group",
            "name": "lambda_logs",
            "provider": "provider[\"registry.terraform.io/hashicorp/aws\"]",
            "instances": [
                {
                    "schema_version": 0,
                    "attributes": {
                        "arn": "arn:aws:logs:us-east-1:478867930449:log-group:/aws/lambda/prisere-disaster-notifications-email-processor-dev",
                        "id": "/aws/lambda/prisere-disaster-notifications-email-processor-dev",
                        "kms_key_id": "",
                        "log_group_class": "STANDARD",
                        "name": "/aws/lambda/prisere-disaster-notifications-email-processor-dev",
                        "name_prefix": "",
                        "retention_in_days": 7,
                        "skip_destroy": false,
                        "tags": {
                            "Environment": "dev",
                            "Name": "prisere-disaster-notifications-lambda-logs"
                        },
                        "tags_all": {
                            "Environment": "dev",
                            "Name": "prisere-disaster-notifications-lambda-logs"
                        }
                    },
                    "sensitive_attributes": [],
                    "identity_schema_version": 0,
                    "private": "bnVsbA=="
                }
            ]
        },
        {
            "mode": "managed",
            "type": "aws_iam_role",
            "name": "lambda_role",
            "provider": "provider[\"registry.terraform.io/hashicorp/aws\"]",
            "instances": [
                {
                    "schema_version": 0,
                    "attributes": {
                        "arn": "arn:aws:iam::478867930449:role/prisere-disaster-notifications-lambda-role-dev",
                        "assume_role_policy": "{\"Statement\":[{\"Action\":\"sts:AssumeRole\",\"Effect\":\"Allow\",\"Principal\":{\"Service\":\"lambda.amazonaws.com\"}}],\"Version\":\"2012-10-17\"}",
                        "create_date": "2025-10-26T03:08:50Z",
                        "description": "",
                        "force_detach_policies": false,
                        "id": "prisere-disaster-notifications-lambda-role-dev",
                        "inline_policy": [
                            {
                                "name": "lambda-logs-policy",
                                "policy": "{\"Version\":\"2012-10-17\",\"Statement\":[{\"Action\":[\"logs:CreateLogGroup\",\"logs:CreateLogStream\",\"logs:PutLogEvents\"],\"Effect\":\"Allow\",\"Resource\":\"arn:aws:logs:us-east-1:478867930449:log-group:/aws/lambda/prisere-disaster-notifications-email-processor-dev:*\"}]}"
                            },
                            {
                                "name": "lambda-ses-policy",
                                "policy": "{\"Version\":\"2012-10-17\",\"Statement\":[{\"Action\":[\"ses:SendEmail\",\"ses:SendRawEmail\"],\"Condition\":{\"StringEquals\":{\"ses:FromAddress\":\"priseregenerate@gmail.com\"}},\"Effect\":\"Allow\",\"Resource\":\"*\"}]}"
                            },
                            {
                                "name": "lambda-sqs-policy",
                                "policy": "{\"Version\":\"2012-10-17\",\"Statement\":[{\"Action\":[\"sqs:ReceiveMessage\",\"sqs:DeleteMessage\",\"sqs:GetQueueAttributes\"],\"Effect\":\"Allow\",\"Resource\":\"arn:aws:sqs:us-east-1:478867930449:Prisere-jobs\"},{\"Action\":[\"sqs:SendMessage\"],\"Effect\":\"Allow\",\"Resource\":\"arn:aws:sqs:us-east-1:478867930449:prisere-disaster-notifications-email-dlq-dev\"}]}"
                            }
                        ],
                        "managed_policy_arns": [],
                        "max_session_duration": 3600,
                        "name": "prisere-disaster-notifications-lambda-role-dev",
                        "name_prefix": "",
                        "path": "/",
                        "permissions_boundary": "",
                        "tags": {
                            "Environment": "dev",
                            "Name": "prisere-disaster-notifications-lambda-role"
                        },
                        "tags_all": {
                            "Environment": "dev",
                            "Name": "prisere-disaster-notifications-lambda-role"
                        },
                        "unique_id": "AROAW67WAXVI4GLUE6GVQ"
                    },
                    "sensitive_attributes": [],
                    "identity_schema_version": 0,
                    "private": "bnVsbA=="
                }
            ]
        },
        {
            "mode": "managed",
            "type": "aws_iam_role_policy",
            "name": "lambda_logs",
            "provider": "provider[\"registry.terraform.io/hashicorp/aws\"]",
            "instances": [
                {
                    "schema_version": 0,
                    "attributes": {
                        "id": "prisere-disaster-notifications-lambda-role-dev:lambda-logs-policy",
                        "name": "lambda-logs-policy",
                        "name_prefix": "",
                        "policy": "{\"Version\":\"2012-10-17\",\"Statement\":[{\"Action\":[\"logs:CreateLogGroup\",\"logs:CreateLogStream\",\"logs:PutLogEvents\"],\"Effect\":\"Allow\",\"Resource\":\"arn:aws:logs:us-east-1:478867930449:log-group:/aws/lambda/prisere-disaster-notifications-email-processor-dev:*\"}]}",
                        "role": "prisere-disaster-notifications-lambda-role-dev"
                    },
                    "sensitive_attributes": [],
                    "identity_schema_version": 0,
                    "private": "bnVsbA==",
                    "dependencies": ["aws_cloudwatch_log_group.lambda_logs", "aws_iam_role.lambda_role"]
                }
            ]
        },
        {
            "mode": "managed",
            "type": "aws_iam_role_policy",
            "name": "lambda_ses",
            "provider": "provider[\"registry.terraform.io/hashicorp/aws\"]",
            "instances": [
                {
                    "schema_version": 0,
                    "attributes": {
                        "id": "prisere-disaster-notifications-lambda-role-dev:lambda-ses-policy",
                        "name": "lambda-ses-policy",
                        "name_prefix": "",
                        "policy": "{\"Version\":\"2012-10-17\",\"Statement\":[{\"Action\":[\"ses:SendEmail\",\"ses:SendRawEmail\"],\"Condition\":{\"StringEquals\":{\"ses:FromAddress\":\"priseregenerate@gmail.com\"}},\"Effect\":\"Allow\",\"Resource\":\"*\"}]}",
                        "role": "prisere-disaster-notifications-lambda-role-dev"
                    },
                    "sensitive_attributes": [],
                    "identity_schema_version": 0,
                    "private": "bnVsbA==",
                    "dependencies": ["aws_iam_role.lambda_role"]
                }
            ]
        },
        {
            "mode": "managed",
            "type": "aws_iam_role_policy",
            "name": "lambda_sqs",
            "provider": "provider[\"registry.terraform.io/hashicorp/aws\"]",
            "instances": [
                {
                    "schema_version": 0,
                    "attributes": {
                        "id": "prisere-disaster-notifications-lambda-role-dev:lambda-sqs-policy",
                        "name": "lambda-sqs-policy",
                        "name_prefix": "",
                        "policy": "{\"Version\":\"2012-10-17\",\"Statement\":[{\"Action\":[\"sqs:ReceiveMessage\",\"sqs:DeleteMessage\",\"sqs:GetQueueAttributes\"],\"Effect\":\"Allow\",\"Resource\":\"arn:aws:sqs:us-east-1:478867930449:Prisere-jobs\"},{\"Action\":[\"sqs:SendMessage\"],\"Effect\":\"Allow\",\"Resource\":\"arn:aws:sqs:us-east-1:478867930449:prisere-disaster-notifications-email-dlq-dev\"}]}",
                        "role": "prisere-disaster-notifications-lambda-role-dev"
                    },
                    "sensitive_attributes": [],
                    "identity_schema_version": 0,
                    "private": "bnVsbA==",
                    "dependencies": [
                        "aws_iam_role.lambda_role",
                        "aws_sqs_queue.disaster_notifications",
                        "aws_sqs_queue.email_dlq"
                    ]
                }
            ]
        },
        {
            "mode": "managed",
            "type": "aws_lambda_event_source_mapping",
            "name": "sqs_trigger",
            "provider": "provider[\"registry.terraform.io/hashicorp/aws\"]",
            "instances": [
                {
                    "schema_version": 0,
                    "attributes": {
                        "amazon_managed_kafka_event_source_config": [],
                        "arn": "arn:aws:lambda:us-east-1:478867930449:event-source-mapping:f0c78577-64b1-47cf-b97f-0e4a26282ff2",
                        "batch_size": 10,
                        "bisect_batch_on_function_error": false,
                        "destination_config": [],
                        "document_db_event_source_config": [],
                        "enabled": true,
                        "event_source_arn": "arn:aws:sqs:us-east-1:478867930449:Prisere-jobs",
                        "filter_criteria": [],
                        "function_arn": "arn:aws:lambda:us-east-1:478867930449:function:prisere-disaster-notifications-email-processor-dev",
                        "function_name": "arn:aws:lambda:us-east-1:478867930449:function:prisere-disaster-notifications-email-processor-dev",
                        "function_response_types": ["ReportBatchItemFailures"],
                        "id": "f0c78577-64b1-47cf-b97f-0e4a26282ff2",
                        "kms_key_arn": "",
                        "last_modified": "2025-10-26T03:19:13Z",
                        "last_processing_result": "",
                        "maximum_batching_window_in_seconds": 0,
                        "maximum_record_age_in_seconds": 0,
                        "maximum_retry_attempts": 0,
                        "metrics_config": [],
                        "parallelization_factor": 0,
                        "provisioned_poller_config": [],
                        "queues": null,
                        "scaling_config": [
                            {
                                "maximum_concurrency": 2
                            }
                        ],
                        "self_managed_event_source": [],
                        "self_managed_kafka_event_source_config": [],
                        "source_access_configuration": [],
                        "starting_position": "",
                        "starting_position_timestamp": "",
                        "state": "Enabled",
                        "state_transition_reason": "USER_INITIATED",
                        "tags": null,
                        "tags_all": {},
                        "topics": null,
                        "tumbling_window_in_seconds": 0,
                        "uuid": "f0c78577-64b1-47cf-b97f-0e4a26282ff2"
                    },
                    "sensitive_attributes": [],
                    "identity_schema_version": 0,
                    "private": "bnVsbA==",
                    "dependencies": [
                        "aws_cloudwatch_log_group.lambda_logs",
                        "aws_iam_role.lambda_role",
                        "aws_iam_role_policy.lambda_logs",
                        "aws_iam_role_policy.lambda_ses",
                        "aws_iam_role_policy.lambda_sqs",
                        "aws_lambda_function.email_processor",
                        "aws_sqs_queue.disaster_notifications",
                        "aws_sqs_queue.email_dlq"
                    ]
                }
            ]
        },
        {
            "mode": "managed",
            "type": "aws_lambda_function",
            "name": "email_processor",
            "provider": "provider[\"registry.terraform.io/hashicorp/aws\"]",
            "instances": [
                {
                    "schema_version": 0,
                    "attributes": {
                        "architectures": ["arm64"],
                        "arn": "arn:aws:lambda:us-east-1:478867930449:function:prisere-disaster-notifications-email-processor-dev",
                        "code_sha256": "6fMZOgK5bymJ7vnqbQMy7oo+QO+NCNpDbub9YoyihlU=",
                        "code_signing_config_arn": "",
                        "dead_letter_config": [
                            {
                                "target_arn": "arn:aws:sqs:us-east-1:478867930449:prisere-disaster-notifications-email-dlq-dev"
                            }
                        ],
                        "description": "",
                        "environment": [
                            {
                                "variables": {
                                    "SES_FROM_EMAIL": "priseregenerate@gmail.com",
                                    "SES_REGION": "us-east-1"
                                }
                            }
                        ],
                        "ephemeral_storage": [
                            {
                                "size": 512
                            }
                        ],
                        "file_system_config": [],
                        "filename": "../lambda/email-processor/function.zip",
                        "function_name": "prisere-disaster-notifications-email-processor-dev",
                        "handler": "index.handler",
                        "id": "prisere-disaster-notifications-email-processor-dev",
                        "image_config": [],
                        "image_uri": "",
                        "invoke_arn": "arn:aws:apigateway:us-east-1:lambda:path/2015-03-31/functions/arn:aws:lambda:us-east-1:478867930449:function:prisere-disaster-notifications-email-processor-dev/invocations",
                        "kms_key_arn": "",
                        "last_modified": "2025-10-26T03:17:42.940+0000",
                        "layers": [],
                        "logging_config": [
                            {
                                "application_log_level": "",
                                "log_format": "Text",
                                "log_group": "/aws/lambda/prisere-disaster-notifications-email-processor-dev",
                                "system_log_level": ""
                            }
                        ],
                        "memory_size": 128,
                        "package_type": "Zip",
                        "publish": false,
                        "qualified_arn": "arn:aws:lambda:us-east-1:478867930449:function:prisere-disaster-notifications-email-processor-dev:$LATEST",
                        "qualified_invoke_arn": "arn:aws:apigateway:us-east-1:lambda:path/2015-03-31/functions/arn:aws:lambda:us-east-1:478867930449:function:prisere-disaster-notifications-email-processor-dev:$LATEST/invocations",
                        "replace_security_groups_on_destroy": null,
                        "replacement_security_group_ids": null,
                        "reserved_concurrent_executions": -1,
                        "role": "arn:aws:iam::478867930449:role/prisere-disaster-notifications-lambda-role-dev",
                        "runtime": "nodejs20.x",
                        "s3_bucket": null,
                        "s3_key": null,
                        "s3_object_version": null,
                        "signing_job_arn": "",
                        "signing_profile_version_arn": "",
                        "skip_destroy": false,
                        "snap_start": [],
                        "source_code_hash": "6fMZOgK5bymJ7vnqbQMy7oo+QO+NCNpDbub9YoyihlU=",
                        "source_code_size": 19233629,
                        "tags": {
                            "Environment": "dev",
                            "Name": "prisere-disaster-notifications-email-processor"
                        },
                        "tags_all": {
                            "Environment": "dev",
                            "Name": "prisere-disaster-notifications-email-processor"
                        },
                        "timeout": 30,
                        "timeouts": null,
                        "tracing_config": [
                            {
                                "mode": "PassThrough"
                            }
                        ],
                        "version": "$LATEST",
                        "vpc_config": []
                    },
                    "sensitive_attributes": [],
                    "identity_schema_version": 0,
                    "private": "eyJlMmJmYjczMC1lY2FhLTExZTYtOGY4OC0zNDM2M2JjN2M0YzAiOnsiY3JlYXRlIjo2MDAwMDAwMDAwMDAsImRlbGV0ZSI6NjAwMDAwMDAwMDAwLCJ1cGRhdGUiOjYwMDAwMDAwMDAwMH19",
                    "dependencies": [
                        "aws_cloudwatch_log_group.lambda_logs",
                        "aws_iam_role.lambda_role",
                        "aws_iam_role_policy.lambda_logs",
                        "aws_iam_role_policy.lambda_ses",
                        "aws_iam_role_policy.lambda_sqs",
                        "aws_sqs_queue.disaster_notifications",
                        "aws_sqs_queue.email_dlq"
                    ]
                }
            ]
        },
        {
            "mode": "managed",
            "type": "aws_sqs_queue",
            "name": "disaster_notifications",
            "provider": "provider[\"registry.terraform.io/hashicorp/aws\"]",
            "instances": [
                {
                    "schema_version": 0,
                    "attributes": {
                        "arn": "arn:aws:sqs:us-east-1:478867930449:Prisere-jobs",
                        "content_based_deduplication": false,
                        "deduplication_scope": "",
                        "delay_seconds": 90,
                        "fifo_queue": false,
                        "fifo_throughput_limit": "",
                        "id": "https://sqs.us-east-1.amazonaws.com/478867930449/Prisere-jobs",
                        "kms_data_key_reuse_period_seconds": 300,
                        "kms_master_key_id": "",
                        "max_message_size": 2048,
                        "message_retention_seconds": 86400,
                        "name": "Prisere-jobs",
                        "name_prefix": "",
                        "policy": "",
                        "receive_wait_time_seconds": 10,
                        "redrive_allow_policy": "",
                        "redrive_policy": "{\"deadLetterTargetArn\":\"arn:aws:sqs:us-east-1:478867930449:prisere-disaster-notifications-email-dlq-dev\",\"maxReceiveCount\":3}",
                        "sqs_managed_sse_enabled": true,
                        "tags": {},
                        "tags_all": {},
                        "timeouts": null,
                        "url": "https://sqs.us-east-1.amazonaws.com/478867930449/Prisere-jobs",
                        "visibility_timeout_seconds": 30
                    },
                    "sensitive_attributes": [],
                    "identity_schema_version": 0,
                    "private": "eyJlMmJmYjczMC1lY2FhLTExZTYtOGY4OC0zNDM2M2JjN2M0YzAiOnsiY3JlYXRlIjoxODAwMDAwMDAwMDAsImRlbGV0ZSI6MTgwMDAwMDAwMDAwLCJ1cGRhdGUiOjE4MDAwMDAwMDAwMH19",
                    "dependencies": ["aws_sqs_queue.email_dlq"]
                }
            ]
        },
        {
            "mode": "managed",
            "type": "aws_sqs_queue",
            "name": "email_dlq",
            "provider": "provider[\"registry.terraform.io/hashicorp/aws\"]",
            "instances": [
                {
                    "schema_version": 0,
                    "attributes": {
                        "arn": "arn:aws:sqs:us-east-1:478867930449:prisere-disaster-notifications-email-dlq-dev",
                        "content_based_deduplication": false,
                        "deduplication_scope": "",
                        "delay_seconds": 0,
                        "fifo_queue": false,
                        "fifo_throughput_limit": "",
                        "id": "https://sqs.us-east-1.amazonaws.com/478867930449/prisere-disaster-notifications-email-dlq-dev",
                        "kms_data_key_reuse_period_seconds": 300,
                        "kms_master_key_id": "",
                        "max_message_size": 262144,
                        "message_retention_seconds": 1209600,
                        "name": "prisere-disaster-notifications-email-dlq-dev",
                        "name_prefix": "",
                        "policy": "",
                        "receive_wait_time_seconds": 0,
                        "redrive_allow_policy": "",
                        "redrive_policy": "",
                        "sqs_managed_sse_enabled": true,
                        "tags": {
                            "Environment": "dev",
                            "Name": "prisere-disaster-notifications-email-dlq"
                        },
                        "tags_all": {
                            "Environment": "dev",
                            "Name": "prisere-disaster-notifications-email-dlq"
                        },
                        "timeouts": null,
                        "url": "https://sqs.us-east-1.amazonaws.com/478867930449/prisere-disaster-notifications-email-dlq-dev",
                        "visibility_timeout_seconds": 30
                    },
                    "sensitive_attributes": [],
                    "identity_schema_version": 0,
                    "private": "eyJlMmJmYjczMC1lY2FhLTExZTYtOGY4OC0zNDM2M2JjN2M0YzAiOnsiY3JlYXRlIjoxODAwMDAwMDAwMDAsImRlbGV0ZSI6MTgwMDAwMDAwMDAwLCJ1cGRhdGUiOjE4MDAwMDAwMDAwMH19"
                }
            ]
        }
    ],
    "check_results": null
}
